
Microsoft Visual Studio Solution File, Format Version 12.00
# Visual Studio 15
VisualStudioVersion = 15.0.26228.9
MinimumVisualStudioVersion = 10.0.40219.1
Project("{FAE04EC0-301F-11D3-BF4B-00C04F79EFBC}") = "WebApplication4", "WebApplication4\WebApplication4.csproj", "{399D6DFB-BD98-4B2B-81CB-D021D42C4A85}"
EndProject
Project("{E53339B2-1760-4266-BCC7-CA923CBCF16C}") = "docker-compose", "docker-compose.dcproj", "{ED7F428C-5595-4635-BD8F-2E8EECBBA1FF}"
EndProject
Global
	GlobalSection(SolutionConfigurationPlatforms) = preSolution
		Debug|Any CPU = Debug|Any CPU
		Release|Any CPU = Release|Any CPU
	EndGlobalSection
	GlobalSection(ProjectConfigurationPlatforms) = postSolution
		{399D6DFB-BD98-4B2B-81CB-D021D42C4A85}.Debug|Any CPU.ActiveCfg = Debug|Any CPU
		{399D6DFB-BD98-4B2B-81CB-D021D42C4A85}.Debug|Any CPU.Build.0 = Debug|Any CPU
		{399D6DFB-BD98-4B2B-81CB-D021D42C4A85}.Release|Any CPU.ActiveCfg = Release|Any CPU
		{399D6DFB-BD98-4B2B-81CB-D021D42C4A85}.Release|Any CPU.Build.0 = Release|Any CPU
		{ED7F428C-5595-4635-BD8F-2E8EECBBA1FF}.Debug|Any CPU.ActiveCfg = Debug|Any CPU
		{ED7F428C-5595-4635-BD8F-2E8EECBBA1FF}.Debug|Any CPU.Build.0 = Debug|Any CPU
		{ED7F428C-5595-4635-BD8F-2E8EECBBA1FF}.Release|Any CPU.ActiveCfg = Release|Any CPU
		{ED7F428C-5595-4635-BD8F-2E8EECBBA1FF}.Release|Any CPU.Build.0 = Release|Any CPU
	EndGlobalSection
	GlobalSection(SolutionProperties) = preSolution
		HideSolutionNode = FALSE
	EndGlobalSection
EndGlobal
